
Microsoft Visual Studio Solution File, Format Version 12.00
# Visual Studio Version 17
VisualStudioVersion = 17.4.33403.182
MinimumVisualStudioVersion = 10.0.40219.1
Project("{9A19103F-16F7-4668-BE54-9A1E7A4F7556}") = "FuelStation.EF", "FuelStation.EF\FuelStation.EF.csproj", "{255B3751-14CC-4B39-A6B8-F3D928C5386B}"
EndProject
Project("{9A19103F-16F7-4668-BE54-9A1E7A4F7556}") = "FuelStation.Model", "FuelStation.Model\FuelStation.Model.csproj", "{CC2BBF60-EAF3-4704-8D85-581A39C1C497}"
EndProject
Project("{9A19103F-16F7-4668-BE54-9A1E7A4F7556}") = "FuelStation.Web.Server", "FuelStation.Web\Server\FuelStation.Web.Server.csproj", "{32D4AE9B-C78E-4CAA-A5C9-46B8879CBF25}"
EndProject
Project("{9A19103F-16F7-4668-BE54-9A1E7A4F7556}") = "FuelStation.Web.Client", "FuelStation.Web\Client\FuelStation.Web.Client.csproj", "{45C8F4C4-4F7C-4CFE-A92C-52AC5244C677}"
EndProject
Project("{9A19103F-16F7-4668-BE54-9A1E7A4F7556}") = "FuelStation.Web.Shared", "FuelStation.Web\Shared\FuelStation.Web.Shared.csproj", "{354DE1BA-0552-4BE6-8076-8028D4B740B3}"
EndProject
Project("{FAE04EC0-301F-11D3-BF4B-00C04F79EFBC}") = "FuelStation.WinForms", "FuelStation.WinForms\FuelStation.WinForms.csproj", "{4BC83C09-AB93-47FE-AE04-D8C05F15016D}"
EndProject
Global
	GlobalSection(SolutionConfigurationPlatforms) = preSolution
		Debug|Any CPU = Debug|Any CPU
		Release|Any CPU = Release|Any CPU
	EndGlobalSection
	GlobalSection(ProjectConfigurationPlatforms) = postSolution
		{255B3751-14CC-4B39-A6B8-F3D928C5386B}.Debug|Any CPU.ActiveCfg = Debug|Any CPU
		{255B3751-14CC-4B39-A6B8-F3D928C5386B}.Debug|Any CPU.Build.0 = Debug|Any CPU
		{255B3751-14CC-4B39-A6B8-F3D928C5386B}.Release|Any CPU.ActiveCfg = Release|Any CPU
		{255B3751-14CC-4B39-A6B8-F3D928C5386B}.Release|Any CPU.Build.0 = Release|Any CPU
		{CC2BBF60-EAF3-4704-8D85-581A39C1C497}.Debug|Any CPU.ActiveCfg = Debug|Any CPU
		{CC2BBF60-EAF3-4704-8D85-581A39C1C497}.Debug|Any CPU.Build.0 = Debug|Any CPU
		{CC2BBF60-EAF3-4704-8D85-581A39C1C497}.Release|Any CPU.ActiveCfg = Release|Any CPU
		{CC2BBF60-EAF3-4704-8D85-581A39C1C497}.Release|Any CPU.Build.0 = Release|Any CPU
		{32D4AE9B-C78E-4CAA-A5C9-46B8879CBF25}.Debug|Any CPU.ActiveCfg = Debug|Any CPU
		{32D4AE9B-C78E-4CAA-A5C9-46B8879CBF25}.Debug|Any CPU.Build.0 = Debug|Any CPU
		{32D4AE9B-C78E-4CAA-A5C9-46B8879CBF25}.Release|Any CPU.ActiveCfg = Release|Any CPU
		{32D4AE9B-C78E-4CAA-A5C9-46B8879CBF25}.Release|Any CPU.Build.0 = Release|Any CPU
		{45C8F4C4-4F7C-4CFE-A92C-52AC5244C677}.Debug|Any CPU.ActiveCfg = Debug|Any CPU
		{45C8F4C4-4F7C-4CFE-A92C-52AC5244C677}.Debug|Any CPU.Build.0 = Debug|Any CPU
		{45C8F4C4-4F7C-4CFE-A92C-52AC5244C677}.Release|Any CPU.ActiveCfg = Release|Any CPU
		{45C8F4C4-4F7C-4CFE-A92C-52AC5244C677}.Release|Any CPU.Build.0 = Release|Any CPU
		{354DE1BA-0552-4BE6-8076-8028D4B740B3}.Debug|Any CPU.ActiveCfg = Debug|Any CPU
		{354DE1BA-0552-4BE6-8076-8028D4B740B3}.Debug|Any CPU.Build.0 = Debug|Any CPU
		{354DE1BA-0552-4BE6-8076-8028D4B740B3}.Release|Any CPU.ActiveCfg = Release|Any CPU
		{354DE1BA-0552-4BE6-8076-8028D4B740B3}.Release|Any CPU.Build.0 = Release|Any CPU
		{4BC83C09-AB93-47FE-AE04-D8C05F15016D}.Debug|Any CPU.ActiveCfg = Debug|Any CPU
		{4BC83C09-AB93-47FE-AE04-D8C05F15016D}.Debug|Any CPU.Build.0 = Debug|Any CPU
		{4BC83C09-AB93-47FE-AE04-D8C05F15016D}.Release|Any CPU.ActiveCfg = Release|Any CPU
		{4BC83C09-AB93-47FE-AE04-D8C05F15016D}.Release|Any CPU.Build.0 = Release|Any CPU
	EndGlobalSection
	GlobalSection(SolutionProperties) = preSolution
		HideSolutionNode = FALSE
	EndGlobalSection
	GlobalSection(ExtensibilityGlobals) = postSolution
		SolutionGuid = {40052310-E5C0-41E5-95C2-EF0BED3826B7}
	EndGlobalSection
EndGlobal
