
Microsoft Visual Studio Solution File, Format Version 12.00
# Visual Studio Version 17
VisualStudioVersion = 17.4.33205.214
MinimumVisualStudioVersion = 10.0.40219.1
Project("{FAE04EC0-301F-11D3-BF4B-00C04F79EFBC}") = "Session-03", "Session-03\Session-03.csproj", "{5305B1C8-07C2-45D6-B270-B7EA24E8F891}"
EndProject
Global
	GlobalSection(SolutionConfigurationPlatforms) = preSolution
		Debug|Any CPU = Debug|Any CPU
		Release|Any CPU = Release|Any CPU
	EndGlobalSection
	GlobalSection(ProjectConfigurationPlatforms) = postSolution
		{5305B1C8-07C2-45D6-B270-B7EA24E8F891}.Debug|Any CPU.ActiveCfg = Debug|Any CPU
		{5305B1C8-07C2-45D6-B270-B7EA24E8F891}.Debug|Any CPU.Build.0 = Debug|Any CPU
		{5305B1C8-07C2-45D6-B270-B7EA24E8F891}.Release|Any CPU.ActiveCfg = Release|Any CPU
		{5305B1C8-07C2-45D6-B270-B7EA24E8F891}.Release|Any CPU.Build.0 = Release|Any CPU
	EndGlobalSection
	GlobalSection(SolutionProperties) = preSolution
		HideSolutionNode = FALSE
	EndGlobalSection
	GlobalSection(ExtensibilityGlobals) = postSolution
		SolutionGuid = {DE1EF840-F44E-4579-B07A-36A3D74DF916}
	EndGlobalSection
EndGlobal
