
Microsoft Visual Studio Solution File, Format Version 12.00
# Visual Studio Version 17
VisualStudioVersion = 17.4.33205.214
MinimumVisualStudioVersion = 10.0.40219.1
Project("{FAE04EC0-301F-11D3-BF4B-00C04F79EFBC}") = "Session-03", "Session-03.csproj", "{A51AD80C-C0F4-4AC6-BFB2-F2070AA22643}"
EndProject
Global
	GlobalSection(SolutionConfigurationPlatforms) = preSolution
		Debug|Any CPU = Debug|Any CPU
		Release|Any CPU = Release|Any CPU
	EndGlobalSection
	GlobalSection(ProjectConfigurationPlatforms) = postSolution
		{A51AD80C-C0F4-4AC6-BFB2-F2070AA22643}.Debug|Any CPU.ActiveCfg = Debug|Any CPU
		{A51AD80C-C0F4-4AC6-BFB2-F2070AA22643}.Debug|Any CPU.Build.0 = Debug|Any CPU
		{A51AD80C-C0F4-4AC6-BFB2-F2070AA22643}.Release|Any CPU.ActiveCfg = Release|Any CPU
		{A51AD80C-C0F4-4AC6-BFB2-F2070AA22643}.Release|Any CPU.Build.0 = Release|Any CPU
	EndGlobalSection
	GlobalSection(SolutionProperties) = preSolution
		HideSolutionNode = FALSE
	EndGlobalSection
	GlobalSection(ExtensibilityGlobals) = postSolution
		SolutionGuid = {3F988693-304D-4A86-81B9-11D6A90B6DD8}
	EndGlobalSection
EndGlobal
