
Microsoft Visual Studio Solution File, Format Version 12.00
# Visual Studio Version 17
VisualStudioVersion = 17.4.33205.214
MinimumVisualStudioVersion = 10.0.40219.1
Project("{9A19103F-16F7-4668-BE54-9A1E7A4F7556}") = "CalculatorLibrary", "CalculatorLibrary\CalculatorLibrary.csproj", "{7148C815-D899-4958-9328-2178B27625D8}"
EndProject
Project("{9A19103F-16F7-4668-BE54-9A1E7A4F7556}") = "Session-09", "Session-09\Session-09.csproj", "{62355C51-6C89-4FB4-BD30-BF925A702C5F}"
EndProject
Global
	GlobalSection(SolutionConfigurationPlatforms) = preSolution
		Debug|Any CPU = Debug|Any CPU
		Release|Any CPU = Release|Any CPU
	EndGlobalSection
	GlobalSection(ProjectConfigurationPlatforms) = postSolution
		{7148C815-D899-4958-9328-2178B27625D8}.Debug|Any CPU.ActiveCfg = Debug|Any CPU
		{7148C815-D899-4958-9328-2178B27625D8}.Debug|Any CPU.Build.0 = Debug|Any CPU
		{7148C815-D899-4958-9328-2178B27625D8}.Release|Any CPU.ActiveCfg = Release|Any CPU
		{7148C815-D899-4958-9328-2178B27625D8}.Release|Any CPU.Build.0 = Release|Any CPU
		{62355C51-6C89-4FB4-BD30-BF925A702C5F}.Debug|Any CPU.ActiveCfg = Debug|Any CPU
		{62355C51-6C89-4FB4-BD30-BF925A702C5F}.Debug|Any CPU.Build.0 = Debug|Any CPU
		{62355C51-6C89-4FB4-BD30-BF925A702C5F}.Release|Any CPU.ActiveCfg = Release|Any CPU
		{62355C51-6C89-4FB4-BD30-BF925A702C5F}.Release|Any CPU.Build.0 = Release|Any CPU
	EndGlobalSection
	GlobalSection(SolutionProperties) = preSolution
		HideSolutionNode = FALSE
	EndGlobalSection
	GlobalSection(ExtensibilityGlobals) = postSolution
		SolutionGuid = {46962834-E92E-4CA8-8EA7-DB9AC22AFBFE}
	EndGlobalSection
EndGlobal
